
Microsoft Visual Studio Solution File, Format Version 12.00
# Visual Studio Version 16
VisualStudioVersion = 16.0.29201.188
MinimumVisualStudioVersion = 10.0.40219.1
Project("{9A19103F-16F7-4668-BE54-9A1E7A4F7556}") = "SuxrobGM.Sdk", "src\SuxrobGM.Sdk\SuxrobGM.Sdk.csproj", "{447E83E0-C884-4254-8405-F02CC75C80AE}"
EndProject
Project("{9A19103F-16F7-4668-BE54-9A1E7A4F7556}") = "SuxrobGM.Sdk.AspNetCore", "src\SuxrobGM.Sdk.AspNetCore\SuxrobGM.Sdk.AspNetCore.csproj", "{12CDAFA9-52F6-4BB3-B509-C6C2A496C735}"
EndProject
Project("{9A19103F-16F7-4668-BE54-9A1E7A4F7556}") = "SuxrobGM.Sdk.ServerAnalytics", "src\SuxrobGM.Sdk.ServerAnalytics\SuxrobGM.Sdk.ServerAnalytics.csproj", "{272E37AD-61FE-4775-8012-F7B63E3B680C}"
EndProject
Project("{9A19103F-16F7-4668-BE54-9A1E7A4F7556}") = "SuxrobGM.Sdk.ServerAnalytics.Sqlite", "src\SuxrobGM.Sdk.ServerAnalytics.Sqlite\SuxrobGM.Sdk.ServerAnalytics.Sqlite.csproj", "{976F98DE-27B8-451C-9CD2-5E96FF3DDC8C}"
EndProject
Project("{9A19103F-16F7-4668-BE54-9A1E7A4F7556}") = "TestServerAnalytics", "src\TestServerAnalytics\TestServerAnalytics.csproj", "{D0F52986-76AA-4B3E-94CF-C438B3107166}"
EndProject
Project("{FAE04EC0-301F-11D3-BF4B-00C04F79EFBC}") = "SuxrobGM.Sdk.Logging", "src\SuxrobGM.Sdk.Logging\SuxrobGM.Sdk.Logging.csproj", "{A4EB582E-5086-45B9-B407-647A5EF90298}"
EndProject
Global
	GlobalSection(SolutionConfigurationPlatforms) = preSolution
		Debug|Any CPU = Debug|Any CPU
		Release|Any CPU = Release|Any CPU
	EndGlobalSection
	GlobalSection(ProjectConfigurationPlatforms) = postSolution
		{447E83E0-C884-4254-8405-F02CC75C80AE}.Debug|Any CPU.ActiveCfg = Debug|Any CPU
		{447E83E0-C884-4254-8405-F02CC75C80AE}.Debug|Any CPU.Build.0 = Debug|Any CPU
		{447E83E0-C884-4254-8405-F02CC75C80AE}.Release|Any CPU.ActiveCfg = Release|Any CPU
		{447E83E0-C884-4254-8405-F02CC75C80AE}.Release|Any CPU.Build.0 = Release|Any CPU
		{12CDAFA9-52F6-4BB3-B509-C6C2A496C735}.Debug|Any CPU.ActiveCfg = Debug|Any CPU
		{12CDAFA9-52F6-4BB3-B509-C6C2A496C735}.Debug|Any CPU.Build.0 = Debug|Any CPU
		{12CDAFA9-52F6-4BB3-B509-C6C2A496C735}.Release|Any CPU.ActiveCfg = Release|Any CPU
		{12CDAFA9-52F6-4BB3-B509-C6C2A496C735}.Release|Any CPU.Build.0 = Release|Any CPU
		{272E37AD-61FE-4775-8012-F7B63E3B680C}.Debug|Any CPU.ActiveCfg = Debug|Any CPU
		{272E37AD-61FE-4775-8012-F7B63E3B680C}.Debug|Any CPU.Build.0 = Debug|Any CPU
		{272E37AD-61FE-4775-8012-F7B63E3B680C}.Release|Any CPU.ActiveCfg = Release|Any CPU
		{272E37AD-61FE-4775-8012-F7B63E3B680C}.Release|Any CPU.Build.0 = Release|Any CPU
		{976F98DE-27B8-451C-9CD2-5E96FF3DDC8C}.Debug|Any CPU.ActiveCfg = Debug|Any CPU
		{976F98DE-27B8-451C-9CD2-5E96FF3DDC8C}.Debug|Any CPU.Build.0 = Debug|Any CPU
		{976F98DE-27B8-451C-9CD2-5E96FF3DDC8C}.Release|Any CPU.ActiveCfg = Release|Any CPU
		{976F98DE-27B8-451C-9CD2-5E96FF3DDC8C}.Release|Any CPU.Build.0 = Release|Any CPU
		{D0F52986-76AA-4B3E-94CF-C438B3107166}.Debug|Any CPU.ActiveCfg = Debug|Any CPU
		{D0F52986-76AA-4B3E-94CF-C438B3107166}.Debug|Any CPU.Build.0 = Debug|Any CPU
		{D0F52986-76AA-4B3E-94CF-C438B3107166}.Release|Any CPU.ActiveCfg = Release|Any CPU
		{D0F52986-76AA-4B3E-94CF-C438B3107166}.Release|Any CPU.Build.0 = Release|Any CPU
		{A4EB582E-5086-45B9-B407-647A5EF90298}.Debug|Any CPU.ActiveCfg = Debug|Any CPU
		{A4EB582E-5086-45B9-B407-647A5EF90298}.Debug|Any CPU.Build.0 = Debug|Any CPU
		{A4EB582E-5086-45B9-B407-647A5EF90298}.Release|Any CPU.ActiveCfg = Release|Any CPU
		{A4EB582E-5086-45B9-B407-647A5EF90298}.Release|Any CPU.Build.0 = Release|Any CPU
	EndGlobalSection
	GlobalSection(SolutionProperties) = preSolution
		HideSolutionNode = FALSE
	EndGlobalSection
	GlobalSection(ExtensibilityGlobals) = postSolution
		SolutionGuid = {1F568167-7CAD-4282-A3A4-7FCDCD2B7D9E}
	EndGlobalSection
EndGlobal
