
Microsoft Visual Studio Solution File, Format Version 12.00
# Visual Studio Version 16
VisualStudioVersion = 16.0.29201.188
MinimumVisualStudioVersion = 10.0.40219.1
Project("{9A19103F-16F7-4668-BE54-9A1E7A4F7556}") = "SuxrobGM.Sdk", "src\SuxrobGM.Sdk\SuxrobGM.Sdk.csproj", "{447E83E0-C884-4254-8405-F02CC75C80AE}"
EndProject
Project("{9A19103F-16F7-4668-BE54-9A1E7A4F7556}") = "SuxrobGM.Sdk.ServerSideAnalytics.Extensions", "src\SuxrobGM.Sdk.ServerSideAnalytics.Extensions\SuxrobGM.Sdk.ServerSideAnalytics.Extensions.csproj", "{BEB93516-26E7-45C4-BBC8-71150D20470B}"
EndProject
Project("{9A19103F-16F7-4668-BE54-9A1E7A4F7556}") = "SuxrobGM.Sdk.AspNetCore", "src\SuxrobGM.Sdk.AspNetCore\SuxrobGM.Sdk.AspNetCore.csproj", "{12CDAFA9-52F6-4BB3-B509-C6C2A496C735}"
EndProject
Project("{FAE04EC0-301F-11D3-BF4B-00C04F79EFBC}") = "SuxrobGM.Sdk.ServerSideAnalytics.SqLite", "src\SuxrobGM.Sdk.ServerSideAnalytics.SqLite\SuxrobGM.Sdk.ServerSideAnalytics.SqLite.csproj", "{598CD3CF-DE81-4A33-95BD-397A7AA25F9C}"
EndProject
Global
	GlobalSection(SolutionConfigurationPlatforms) = preSolution
		Debug|Any CPU = Debug|Any CPU
		Release|Any CPU = Release|Any CPU
	EndGlobalSection
	GlobalSection(ProjectConfigurationPlatforms) = postSolution
		{447E83E0-C884-4254-8405-F02CC75C80AE}.Debug|Any CPU.ActiveCfg = Debug|Any CPU
		{447E83E0-C884-4254-8405-F02CC75C80AE}.Debug|Any CPU.Build.0 = Debug|Any CPU
		{447E83E0-C884-4254-8405-F02CC75C80AE}.Release|Any CPU.ActiveCfg = Release|Any CPU
		{447E83E0-C884-4254-8405-F02CC75C80AE}.Release|Any CPU.Build.0 = Release|Any CPU
		{BEB93516-26E7-45C4-BBC8-71150D20470B}.Debug|Any CPU.ActiveCfg = Debug|Any CPU
		{BEB93516-26E7-45C4-BBC8-71150D20470B}.Debug|Any CPU.Build.0 = Debug|Any CPU
		{BEB93516-26E7-45C4-BBC8-71150D20470B}.Release|Any CPU.ActiveCfg = Release|Any CPU
		{BEB93516-26E7-45C4-BBC8-71150D20470B}.Release|Any CPU.Build.0 = Release|Any CPU
		{12CDAFA9-52F6-4BB3-B509-C6C2A496C735}.Debug|Any CPU.ActiveCfg = Debug|Any CPU
		{12CDAFA9-52F6-4BB3-B509-C6C2A496C735}.Debug|Any CPU.Build.0 = Debug|Any CPU
		{12CDAFA9-52F6-4BB3-B509-C6C2A496C735}.Release|Any CPU.ActiveCfg = Release|Any CPU
		{12CDAFA9-52F6-4BB3-B509-C6C2A496C735}.Release|Any CPU.Build.0 = Release|Any CPU
		{598CD3CF-DE81-4A33-95BD-397A7AA25F9C}.Debug|Any CPU.ActiveCfg = Debug|Any CPU
		{598CD3CF-DE81-4A33-95BD-397A7AA25F9C}.Debug|Any CPU.Build.0 = Debug|Any CPU
		{598CD3CF-DE81-4A33-95BD-397A7AA25F9C}.Release|Any CPU.ActiveCfg = Release|Any CPU
		{598CD3CF-DE81-4A33-95BD-397A7AA25F9C}.Release|Any CPU.Build.0 = Release|Any CPU
	EndGlobalSection
	GlobalSection(SolutionProperties) = preSolution
		HideSolutionNode = FALSE
	EndGlobalSection
	GlobalSection(ExtensibilityGlobals) = postSolution
		SolutionGuid = {1F568167-7CAD-4282-A3A4-7FCDCD2B7D9E}
	EndGlobalSection
EndGlobal
